
Microsoft Visual Studio Solution File, Format Version 12.00
# Visual Studio Version 17
VisualStudioVersion = 17.13.35825.156
MinimumVisualStudioVersion = 10.0.40219.1
Project("{FAE04EC0-301F-11D3-BF4B-00C04F79EFBC}") = "AlgoSync", "AlgoSync.csproj", "{3D4A01F8-8E22-49D2-BD07-03C077ADED21}"
EndProject
Global
	GlobalSection(SolutionConfigurationPlatforms) = preSolution
		Debug|Any CPU = Debug|Any CPU
		Release|Any CPU = Release|Any CPU
	EndGlobalSection
	GlobalSection(ProjectConfigurationPlatforms) = postSolution
		{3D4A01F8-8E22-49D2-BD07-03C077ADED21}.Debug|Any CPU.ActiveCfg = Debug|Any CPU
		{3D4A01F8-8E22-49D2-BD07-03C077ADED21}.Debug|Any CPU.Build.0 = Debug|Any CPU
		{3D4A01F8-8E22-49D2-BD07-03C077ADED21}.Release|Any CPU.ActiveCfg = Release|Any CPU
		{3D4A01F8-8E22-49D2-BD07-03C077ADED21}.Release|Any CPU.Build.0 = Release|Any CPU
	EndGlobalSection
	GlobalSection(SolutionProperties) = preSolution
		HideSolutionNode = FALSE
	EndGlobalSection
	GlobalSection(ExtensibilityGlobals) = postSolution
		SolutionGuid = {585C8610-ABF9-4361-A23D-C5C6A1F96804}
	EndGlobalSection
EndGlobal
